// !$*UTF8*$!
{
	archiveVersion = 1;
	classes = {
	};
	objectVersion = 56;
	objects = {

/* Begin PBXBuildFile section */
		6124A06D2CD2322400C52253 /* App.swift in Sources */ = {isa = PBXBuildFile; fileRef = 6124A06C2CD2322400C52253 /* App.swift */; };
		6124A06F2CD2324200C52253 /* AppListModel.swift in Sources */ = {isa = PBXBuildFile; fileRef = 6124A06E2CD2324200C52253 /* AppListModel.swift */; };
		6124A0712CD2326500C52253 /* FilterOptions.swift in Sources */ = {isa = PBXBuildFile; fileRef = 6124A0702CD2326500C52253 /* FilterOptions.swift */; };
		6124A0742CD2328600C52253 /* AppListCell.swift in Sources */ = {isa = PBXBuildFile; fileRef = 6124A0732CD2328600C52253 /* AppListCell.swift */; };
		6124A0762CD232C600C52253 /* Option.swift in Sources */ = {isa = PBXBuildFile; fileRef = 6124A0752CD232C600C52253 /* Option.swift */; };
		6124A0782CD232D400C52253 /* OptionCell.swift in Sources */ = {isa = PBXBuildFile; fileRef = 6124A0772CD232D400C52253 /* OptionCell.swift */; };
		6124A07B2CD2337500C52253 /* ViewControllerHost.swift in Sources */ = {isa = PBXBuildFile; fileRef = 6124A07A2CD2337500C52253 /* ViewControllerHost.swift */; };
		6124A07D2CD233A700C52253 /* InjectedPlugIn.swift in Sources */ = {isa = PBXBuildFile; fileRef = 6124A07C2CD233A700C52253 /* InjectedPlugIn.swift */; };
		6124A07F2CD233BA00C52253 /* PlugInCell.swift in Sources */ = {isa = PBXBuildFile; fileRef = 6124A07E2CD233BA00C52253 /* PlugInCell.swift */; };
		6124A0812CD233DA00C52253 /* EjectListModel.swift in Sources */ = {isa = PBXBuildFile; fileRef = 6124A0802CD233DA00C52253 /* EjectListModel.swift */; };
		614C0C422D7C2E0B007E9184 /* CocoaLumberjack in Frameworks */ = {isa = PBXBuildFile; productRef = 614C0C412D7C2E0B007E9184 /* CocoaLumberjack */; };
		614C0C442D7C2E0B007E9184 /* CocoaLumberjackSwift in Frameworks */ = {isa = PBXBuildFile; productRef = 614C0C432D7C2E0B007E9184 /* CocoaLumberjackSwift */; };
		614C0C462D7C2E0B007E9184 /* CocoaLumberjackSwiftLogBackend in Frameworks */ = {isa = PBXBuildFile; productRef = 614C0C452D7C2E0B007E9184 /* CocoaLumberjackSwiftLogBackend */; };
		614C0C472D7C2E12007E9184 /* CoreServices.framework in Frameworks */ = {isa = PBXBuildFile; fileRef = CCB6A1162C4A540F000D75B0 /* CoreServices.framework */; };
		614C0C492D7C2E1D007E9184 /* MachOKit in Frameworks */ = {isa = PBXBuildFile; productRef = 614C0C482D7C2E1D007E9184 /* MachOKit */; };
		614C0C4B2D7C2E1D007E9184 /* MachOKitC in Frameworks */ = {isa = PBXBuildFile; productRef = 614C0C4A2D7C2E1D007E9184 /* MachOKitC */; };
		614C0C4D2D7C2E23007E9184 /* OrderedCollections in Frameworks */ = {isa = PBXBuildFile; productRef = 614C0C4C2D7C2E23007E9184 /* OrderedCollections */; };
		614C0C4F2D7C2E28007E9184 /* ZIPFoundation in Frameworks */ = {isa = PBXBuildFile; productRef = 614C0C4E2D7C2E28007E9184 /* ZIPFoundation */; };
		614C0C522D7C2E44007E9184 /* ArgumentParser in Frameworks */ = {isa = PBXBuildFile; productRef = 614C0C512D7C2E44007E9184 /* ArgumentParser */; };
		614C0C532D7C2E98007E9184 /* Execute.swift in Sources */ = {isa = PBXBuildFile; fileRef = CC1548DA2C4A7C7000A4173E /* Execute.swift */; };
		614C0C542D7C2E98007E9184 /* InjectorV3+MachO.swift in Sources */ = {isa = PBXBuildFile; fileRef = 61EFA3722D30347600159442 /* InjectorV3+MachO.swift */; };
		614C0C552D7C2E98007E9184 /* InjectorV3+Metadata.swift in Sources */ = {isa = PBXBuildFile; fileRef = 61EFA3762D30401A00159442 /* InjectorV3+Metadata.swift */; };
		614C0C562D7C2E98007E9184 /* AuxiliaryExecute.swift in Sources */ = {isa = PBXBuildFile; fileRef = CCF5A0A32C4D45160097D48D /* AuxiliaryExecute.swift */; };
		614C0C572D7C2E98007E9184 /* InjectorV3+Eject.swift in Sources */ = {isa = PBXBuildFile; fileRef = 61EFA3782D3108B700159442 /* InjectorV3+Eject.swift */; };
		614C0C582D7C2E98007E9184 /* InjectorV3+Inject.swift in Sources */ = {isa = PBXBuildFile; fileRef = 61EFA37C2D311DA300159442 /* InjectorV3+Inject.swift */; };
		614C0C592D7C2E98007E9184 /* AuxiliaryExecute+Spawn.swift in Sources */ = {isa = PBXBuildFile; fileRef = CCF5A0A52C4D45400097D48D /* AuxiliaryExecute+Spawn.swift */; };
		614C0C5A2D7C2E98007E9184 /* InjectorV3+Backup.swift in Sources */ = {isa = PBXBuildFile; fileRef = 61EFA37A2D31165000159442 /* InjectorV3+Backup.swift */; };
		614C0C5B2D7C2E98007E9184 /* InjectorV3+Command.swift in Sources */ = {isa = PBXBuildFile; fileRef = 61EFA36C2D3027AF00159442 /* InjectorV3+Command.swift */; };
		614C0C5C2D7C2E98007E9184 /* InjectorV3+Bundle.swift in Sources */ = {isa = PBXBuildFile; fileRef = 61EFA36E2D30338300159442 /* InjectorV3+Bundle.swift */; };
		614C0C5D2D7C2E98007E9184 /* InjectorV3+Preprocess.swift in Sources */ = {isa = PBXBuildFile; fileRef = 61EFA3742D303C3700159442 /* InjectorV3+Preprocess.swift */; };
		614C0C5E2D7C2E98007E9184 /* InjectorV3+Error.swift in Sources */ = {isa = PBXBuildFile; fileRef = 61EFA3702D3033B700159442 /* InjectorV3+Error.swift */; };
		614C0C5F2D7C2E98007E9184 /* InjectorV3.swift in Sources */ = {isa = PBXBuildFile; fileRef = 61EFA3632D30267200159442 /* InjectorV3.swift */; };
		614C0C612D7C2EC0007E9184 /* Constants.swift in Sources */ = {isa = PBXBuildFile; fileRef = 614C0C602D7C2EBE007E9184 /* Constants.swift */; };
		614C0C622D7C2EC0007E9184 /* Constants.swift in Sources */ = {isa = PBXBuildFile; fileRef = 614C0C602D7C2EBE007E9184 /* Constants.swift */; };
		614C0C632D7C2EDE007E9184 /* TrollFoolsStub.m in Sources */ = {isa = PBXBuildFile; fileRef = CCF470722C4A4E81008D8197 /* TrollFoolsStub.m */; };
		614C0C682D7C72AD007E9184 /* AppListSearchModel.swift in Sources */ = {isa = PBXBuildFile; fileRef = 614C0C672D7C72AC007E9184 /* AppListSearchModel.swift */; };
		614C0C6A2D7CB458007E9184 /* Hashable+Combines.swift in Sources */ = {isa = PBXBuildFile; fileRef = 614C0C692D7CB457007E9184 /* Hashable+Combines.swift */; };
		614C0C6C2D7D72D4007E9184 /* IndexableScroller.swift in Sources */ = {isa = PBXBuildFile; fileRef = 614C0C6B2D7D72C7007E9184 /* IndexableScroller.swift */; };
		6168001B2D364DD400DF485F /* StripedTextTableViewController.m in Sources */ = {isa = PBXBuildFile; fileRef = 6168001A2D364DD400DF485F /* StripedTextTableViewController.m */; };
		6168001D2D3652B600DF485F /* LogsView.swift in Sources */ = {isa = PBXBuildFile; fileRef = 6168001C2D3652B100DF485F /* LogsView.swift */; };
		61743CDA2D882CE80032696C /* PlaceholderView.swift in Sources */ = {isa = PBXBuildFile; fileRef = 61743CD92D882CE40032696C /* PlaceholderView.swift */; };
		61946B262D2FD8AB009E0AC4 /* OrderedCollections in Frameworks */ = {isa = PBXBuildFile; productRef = 61946B252D2FD8AB009E0AC4 /* OrderedCollections */; };
		61C7D54A2D82D8E40064D626 /* InfoPlist.strings in Resources */ = {isa = PBXBuildFile; fileRef = 61C7D5462D82D5C60064D626 /* InfoPlist.strings */; };
		61C7D54C2D82DBAD0064D626 /* DisclaimerView.swift in Sources */ = {isa = PBXBuildFile; fileRef = 61C7D54B2D82DBAC0064D626 /* DisclaimerView.swift */; };
		61EFA3642D30267E00159442 /* InjectorV3.swift in Sources */ = {isa = PBXBuildFile; fileRef = 61EFA3632D30267200159442 /* InjectorV3.swift */; };
		61EFA3672D3026D400159442 /* CocoaLumberjack in Frameworks */ = {isa = PBXBuildFile; productRef = 61EFA3662D3026D400159442 /* CocoaLumberjack */; };
		61EFA3692D3026D400159442 /* CocoaLumberjackSwift in Frameworks */ = {isa = PBXBuildFile; productRef = 61EFA3682D3026D400159442 /* CocoaLumberjackSwift */; };
		61EFA36B2D3026D400159442 /* CocoaLumberjackSwiftLogBackend in Frameworks */ = {isa = PBXBuildFile; productRef = 61EFA36A2D3026D400159442 /* CocoaLumberjackSwiftLogBackend */; };
		61EFA36D2D3027C400159442 /* InjectorV3+Command.swift in Sources */ = {isa = PBXBuildFile; fileRef = 61EFA36C2D3027AF00159442 /* InjectorV3+Command.swift */; };
		61EFA36F2D30338B00159442 /* InjectorV3+Bundle.swift in Sources */ = {isa = PBXBuildFile; fileRef = 61EFA36E2D30338300159442 /* InjectorV3+Bundle.swift */; };
		61EFA3712D3033BB00159442 /* InjectorV3+Error.swift in Sources */ = {isa = PBXBuildFile; fileRef = 61EFA3702D3033B700159442 /* InjectorV3+Error.swift */; };
		61EFA3732D30347A00159442 /* InjectorV3+MachO.swift in Sources */ = {isa = PBXBuildFile; fileRef = 61EFA3722D30347600159442 /* InjectorV3+MachO.swift */; };
		61EFA3752D303C3C00159442 /* InjectorV3+Preprocess.swift in Sources */ = {isa = PBXBuildFile; fileRef = 61EFA3742D303C3700159442 /* InjectorV3+Preprocess.swift */; };
		61EFA3772D30403900159442 /* InjectorV3+Metadata.swift in Sources */ = {isa = PBXBuildFile; fileRef = 61EFA3762D30401A00159442 /* InjectorV3+Metadata.swift */; };
		61EFA3792D3108BD00159442 /* InjectorV3+Eject.swift in Sources */ = {isa = PBXBuildFile; fileRef = 61EFA3782D3108B700159442 /* InjectorV3+Eject.swift */; };
		61EFA37B2D31165700159442 /* InjectorV3+Backup.swift in Sources */ = {isa = PBXBuildFile; fileRef = 61EFA37A2D31165000159442 /* InjectorV3+Backup.swift */; };
		61EFA37D2D311DA800159442 /* InjectorV3+Inject.swift in Sources */ = {isa = PBXBuildFile; fileRef = 61EFA37C2D311DA300159442 /* InjectorV3+Inject.swift */; };
		61F595622D6B42340034DD83 /* SwiftUIIntrospect-Static in Frameworks */ = {isa = PBXBuildFile; productRef = 61F595612D6B42340034DD83 /* SwiftUIIntrospect-Static */; };
		CC0D662D2D7F11A2000EADED /* ArArchiveKit in Frameworks */ = {isa = PBXBuildFile; productRef = CC0D662C2D7F11A2000EADED /* ArArchiveKit */; };
		CC0D662F2D7F11AC000EADED /* ArArchiveKit in Frameworks */ = {isa = PBXBuildFile; productRef = CC0D662E2D7F11AC000EADED /* ArArchiveKit */; };
		CC0D66322D7F13A9000EADED /* SWCompression in Frameworks */ = {isa = PBXBuildFile; productRef = CC0D66312D7F13A9000EADED /* SWCompression */; };
		CC0D66342D7F13B1000EADED /* SWCompression in Frameworks */ = {isa = PBXBuildFile; productRef = CC0D66332D7F13B1000EADED /* SWCompression */; };
		CC0E80FB2C54F84000B137B4 /* mv-15 in Resources */ = {isa = PBXBuildFile; fileRef = CC0E80FA2C54F84000B137B4 /* mv-15 */; };
		CC1548C92C4A6B2100A4173E /* ZIPFoundation in Frameworks */ = {isa = PBXBuildFile; productRef = CC1548C82C4A6B2100A4173E /* ZIPFoundation */; };
		CC1548D12C4A6B8200A4173E /* ct_bypass in Resources */ = {isa = PBXBuildFile; fileRef = CC1548CF2C4A6B8200A4173E /* ct_bypass */; };
		CC1548D32C4A743200A4173E /* SuccessView.swift in Sources */ = {isa = PBXBuildFile; fileRef = CC1548D22C4A743200A4173E /* SuccessView.swift */; };
		CC1548D52C4A744300A4173E /* FailureView.swift in Sources */ = {isa = PBXBuildFile; fileRef = CC1548D42C4A744300A4173E /* FailureView.swift */; };
		CC1548DB2C4A7C7000A4173E /* Execute.swift in Sources */ = {isa = PBXBuildFile; fileRef = CC1548DA2C4A7C7000A4173E /* Execute.swift */; };
		CC1548DD2C4A8DC500A4173E /* insert_dylib in Resources */ = {isa = PBXBuildFile; fileRef = CC1548DC2C4A8DC500A4173E /* insert_dylib */; };
		CC1548E12C4A963500A4173E /* cp in Resources */ = {isa = PBXBuildFile; fileRef = CC1548E02C4A963500A4173E /* cp */; };
		CC1548E62C4A974E00A4173E /* libintl.8.dylib in Resources */ = {isa = PBXBuildFile; fileRef = CC1548E22C4A974400A4173E /* libintl.8.dylib */; };
		CC1548E72C4A974E00A4173E /* libiosexec.1.dylib in Resources */ = {isa = PBXBuildFile; fileRef = CC1548E32C4A974400A4173E /* libiosexec.1.dylib */; };
		CC1548FC2C4AADBB00A4173E /* MachOKit in Frameworks */ = {isa = PBXBuildFile; productRef = CC1548FB2C4AADBB00A4173E /* MachOKit */; };
		CC1548FE2C4AADBB00A4173E /* MachOKitC in Frameworks */ = {isa = PBXBuildFile; productRef = CC1548FD2C4AADBB00A4173E /* MachOKitC */; };
		CC1549002C4AB43600A4173E /* rm in Resources */ = {isa = PBXBuildFile; fileRef = CC1548FF2C4AB43600A4173E /* rm */; };
		CC1549022C4B62E300A4173E /* cp-15 in Resources */ = {isa = PBXBuildFile; fileRef = CC1549012C4B62E300A4173E /* cp-15 */; };
		CC15490C2C4B79D800A4173E /* optool in Resources */ = {isa = PBXBuildFile; fileRef = CC15490B2C4B79D800A4173E /* optool */; };
		CC15490E2C4B80AF00A4173E /* EjectListView.swift in Sources */ = {isa = PBXBuildFile; fileRef = CC15490D2C4B80AF00A4173E /* EjectListView.swift */; };
		CC19E4BB2C561D7300E0F1B5 /* SettingsView.swift in Sources */ = {isa = PBXBuildFile; fileRef = CC19E4BA2C561D7300E0F1B5 /* SettingsView.swift */; };
		CC5E54BE2C4E12F900FDE4A8 /* install_name_tool in Resources */ = {isa = PBXBuildFile; fileRef = CC5E54BC2C4E12F900FDE4A8 /* install_name_tool */; };
		CC5E54BF2C4E131000FDE4A8 /* libxar.1.dylib in Resources */ = {isa = PBXBuildFile; fileRef = CC5E54BB2C4E12F900FDE4A8 /* libxar.1.dylib */; };
		CC60FBEC2CC50F5A00A6D21A /* BartyCrouch.swift in Sources */ = {isa = PBXBuildFile; fileRef = CC60FBEB2CC50F5A00A6D21A /* BartyCrouch.swift */; };
		CC61A87C2C4A677B003BD9A0 /* CydiaSubstrate.framework.zip in Resources */ = {isa = PBXBuildFile; fileRef = CC61A87B2C4A677B003BD9A0 /* CydiaSubstrate.framework.zip */; };
		CC8A36712D7EB56500BE90D3 /* Entry.swift in Sources */ = {isa = PBXBuildFile; fileRef = CC8A366E2D7EB56500BE90D3 /* Entry.swift */; };
		CC8A36732D7EB57700BE90D3 /* CmdList.swift in Sources */ = {isa = PBXBuildFile; fileRef = CC8A36722D7EB57500BE90D3 /* CmdList.swift */; };
		CC8A36752D7EB92800BE90D3 /* CmdView.swift in Sources */ = {isa = PBXBuildFile; fileRef = CC8A36742D7EB92000BE90D3 /* CmdView.swift */; };
		CC8A36792D7EC0B500BE90D3 /* CmdEject.swift in Sources */ = {isa = PBXBuildFile; fileRef = CC8A36782D7EC0B100BE90D3 /* CmdEject.swift */; };
		CC8A367B2D7EC5B700BE90D3 /* CmdInject.swift in Sources */ = {isa = PBXBuildFile; fileRef = CC8A367A2D7EC5B400BE90D3 /* CmdInject.swift */; };
		CCB6A1172C4A540F000D75B0 /* CoreServices.framework in Frameworks */ = {isa = PBXBuildFile; fileRef = CCB6A1162C4A540F000D75B0 /* CoreServices.framework */; };
		CCB6A1192C4A58C7000D75B0 /* OptionView.swift in Sources */ = {isa = PBXBuildFile; fileRef = CCB6A1182C4A58C7000D75B0 /* OptionView.swift */; };
		CCB6A11B2C4A6066000D75B0 /* InjectView.swift in Sources */ = {isa = PBXBuildFile; fileRef = CCB6A11A2C4A6066000D75B0 /* InjectView.swift */; };
		CCC564EB2C4BE8320097C300 /* ldid in Resources */ = {isa = PBXBuildFile; fileRef = CCC564E82C4BE8320097C300 /* ldid */; };
		CCC564EC2C4BE8470097C300 /* libcrypto.3.dylib in Resources */ = {isa = PBXBuildFile; fileRef = CCC564E62C4BE8320097C300 /* libcrypto.3.dylib */; };
		CCECB7CE2C54DC660094C8E6 /* mv in Resources */ = {isa = PBXBuildFile; fileRef = CCECB7CD2C54DC660094C8E6 /* mv */; };
		CCF350A22D7DE50900826516 /* EjectListSearchModel.swift in Sources */ = {isa = PBXBuildFile; fileRef = CCF350A12D7DE50800826516 /* EjectListSearchModel.swift */; };
		CCF4705A2C4A4649008D8197 /* TrollFoolsApp.swift in Sources */ = {isa = PBXBuildFile; fileRef = CCF470592C4A4649008D8197 /* TrollFoolsApp.swift */; };
		CCF4705E2C4A464B008D8197 /* Assets.xcassets in Resources */ = {isa = PBXBuildFile; fileRef = CCF4705D2C4A464B008D8197 /* Assets.xcassets */; };
		CCF470692C4A4919008D8197 /* Localizable.strings in Resources */ = {isa = PBXBuildFile; fileRef = CCF4706B2C4A4919008D8197 /* Localizable.strings */; };
		CCF4706E2C4A4BAB008D8197 /* AppListView.swift in Sources */ = {isa = PBXBuildFile; fileRef = CCF4706D2C4A4BAB008D8197 /* AppListView.swift */; };
		CCF470732C4A4E81008D8197 /* TrollFoolsStub.m in Sources */ = {isa = PBXBuildFile; fileRef = CCF470722C4A4E81008D8197 /* TrollFoolsStub.m */; };
		CCF5A0A42C4D45160097D48D /* AuxiliaryExecute.swift in Sources */ = {isa = PBXBuildFile; fileRef = CCF5A0A32C4D45160097D48D /* AuxiliaryExecute.swift */; };
		CCF5A0A62C4D45400097D48D /* AuxiliaryExecute+Spawn.swift in Sources */ = {isa = PBXBuildFile; fileRef = CCF5A0A52C4D45400097D48D /* AuxiliaryExecute+Spawn.swift */; };
		CCF925442C4CE47800880D48 /* chown in Resources */ = {isa = PBXBuildFile; fileRef = CCF925432C4CE47800880D48 /* chown */; };
		CCFC78642C4E853D008EB25D /* mkdir in Resources */ = {isa = PBXBuildFile; fileRef = CCFC78632C4E853D008EB25D /* mkdir */; };
/* End PBXBuildFile section */

/* Begin PBXContainerItemProxy section */
		614C0C642D7C3400007E9184 /* PBXContainerItemProxy */ = {
			isa = PBXContainerItemProxy;
			containerPortal = CCF4704E2C4A4649008D8197 /* Project object */;
			proxyType = 1;
			remoteGlobalIDString = 614C0C372D7C243E007E9184;
			remoteInfo = trollfoolscli;
		};
/* End PBXContainerItemProxy section */

/* Begin PBXCopyFilesBuildPhase section */
		614C0C362D7C243E007E9184 /* CopyFiles */ = {
			isa = PBXCopyFilesBuildPhase;
			buildActionMask = 2147483647;
			dstPath = /usr/share/man/man1/;
			dstSubfolderSpec = 0;
			files = (
			);
			runOnlyForDeploymentPostprocessing = 1;
		};
/* End PBXCopyFilesBuildPhase section */

/* Begin PBXFileReference section */
		6124A06C2CD2322400C52253 /* App.swift */ = {isa = PBXFileReference; lastKnownFileType = sourcecode.swift; path = App.swift; sourceTree = "<group>"; };
		6124A06E2CD2324200C52253 /* AppListModel.swift */ = {isa = PBXFileReference; lastKnownFileType = sourcecode.swift; path = AppListModel.swift; sourceTree = "<group>"; };
		6124A0702CD2326500C52253 /* FilterOptions.swift */ = {isa = PBXFileReference; lastKnownFileType = sourcecode.swift; path = FilterOptions.swift; sourceTree = "<group>"; };
		6124A0732CD2328600C52253 /* AppListCell.swift */ = {isa = PBXFileReference; lastKnownFileType = sourcecode.swift; path = AppListCell.swift; sourceTree = "<group>"; };
		6124A0752CD232C600C52253 /* Option.swift */ = {isa = PBXFileReference; lastKnownFileType = sourcecode.swift; path = Option.swift; sourceTree = "<group>"; };
		6124A0772CD232D400C52253 /* OptionCell.swift */ = {isa = PBXFileReference; lastKnownFileType = sourcecode.swift; path = OptionCell.swift; sourceTree = "<group>"; };
		6124A07A2CD2337500C52253 /* ViewControllerHost.swift */ = {isa = PBXFileReference; lastKnownFileType = sourcecode.swift; path = ViewControllerHost.swift; sourceTree = "<group>"; };
		6124A07C2CD233A700C52253 /* InjectedPlugIn.swift */ = {isa = PBXFileReference; lastKnownFileType = sourcecode.swift; path = InjectedPlugIn.swift; sourceTree = "<group>"; };
		6124A07E2CD233BA00C52253 /* PlugInCell.swift */ = {isa = PBXFileReference; lastKnownFileType = sourcecode.swift; path = PlugInCell.swift; sourceTree = "<group>"; };
		6124A0802CD233DA00C52253 /* EjectListModel.swift */ = {isa = PBXFileReference; lastKnownFileType = sourcecode.swift; path = EjectListModel.swift; sourceTree = "<group>"; };
		614C0C382D7C243E007E9184 /* trollfoolscli */ = {isa = PBXFileReference; explicitFileType = "compiled.mach-o.executable"; includeInIndex = 0; path = trollfoolscli; sourceTree = BUILT_PRODUCTS_DIR; };
		614C0C602D7C2EBE007E9184 /* Constants.swift */ = {isa = PBXFileReference; lastKnownFileType = sourcecode.swift; path = Constants.swift; sourceTree = "<group>"; };
		614C0C662D7C407E007E9184 /* it */ = {isa = PBXFileReference; lastKnownFileType = text.plist.strings; name = it; path = it.lproj/Localizable.strings; sourceTree = "<group>"; };
		614C0C672D7C72AC007E9184 /* AppListSearchModel.swift */ = {isa = PBXFileReference; lastKnownFileType = sourcecode.swift; path = AppListSearchModel.swift; sourceTree = "<group>"; };
		614C0C692D7CB457007E9184 /* Hashable+Combines.swift */ = {isa = PBXFileReference; lastKnownFileType = sourcecode.swift; path = "Hashable+Combines.swift"; sourceTree = "<group>"; };
		614C0C6B2D7D72C7007E9184 /* IndexableScroller.swift */ = {isa = PBXFileReference; lastKnownFileType = sourcecode.swift; path = IndexableScroller.swift; sourceTree = "<group>"; };
		616800192D364DD400DF485F /* StripedTextTableViewController.h */ = {isa = PBXFileReference; lastKnownFileType = sourcecode.c.h; path = StripedTextTableViewController.h; sourceTree = "<group>"; };
		6168001A2D364DD400DF485F /* StripedTextTableViewController.m */ = {isa = PBXFileReference; lastKnownFileType = sourcecode.c.objc; path = StripedTextTableViewController.m; sourceTree = "<group>"; };
		6168001C2D3652B100DF485F /* LogsView.swift */ = {isa = PBXFileReference; lastKnownFileType = sourcecode.swift; path = LogsView.swift; sourceTree = "<group>"; };
		61743CD92D882CE40032696C /* PlaceholderView.swift */ = {isa = PBXFileReference; lastKnownFileType = sourcecode.swift; path = PlaceholderView.swift; sourceTree = "<group>"; };
		61C7D5452D82D5C60064D626 /* en */ = {isa = PBXFileReference; lastKnownFileType = text.plist.strings; name = en; path = en.lproj/InfoPlist.strings; sourceTree = "<group>"; };
		61C7D5472D82D5C80064D626 /* zh-Hans */ = {isa = PBXFileReference; lastKnownFileType = text.plist.strings; name = "zh-Hans"; path = "zh-Hans.lproj/InfoPlist.strings"; sourceTree = "<group>"; };
		61C7D5482D82D5C90064D626 /* it */ = {isa = PBXFileReference; lastKnownFileType = text.plist.strings; name = it; path = it.lproj/InfoPlist.strings; sourceTree = "<group>"; };
		61C7D5492D82D5C90064D626 /* vi */ = {isa = PBXFileReference; lastKnownFileType = text.plist.strings; name = vi; path = vi.lproj/InfoPlist.strings; sourceTree = "<group>"; };
		61C7D54B2D82DBAC0064D626 /* DisclaimerView.swift */ = {isa = PBXFileReference; lastKnownFileType = sourcecode.swift; path = DisclaimerView.swift; sourceTree = "<group>"; };
		61EFA3632D30267200159442 /* InjectorV3.swift */ = {isa = PBXFileReference; lastKnownFileType = sourcecode.swift; path = InjectorV3.swift; sourceTree = "<group>"; };
		61EFA36C2D3027AF00159442 /* InjectorV3+Command.swift */ = {isa = PBXFileReference; lastKnownFileType = sourcecode.swift; path = "InjectorV3+Command.swift"; sourceTree = "<group>"; };
		61EFA36E2D30338300159442 /* InjectorV3+Bundle.swift */ = {isa = PBXFileReference; lastKnownFileType = sourcecode.swift; path = "InjectorV3+Bundle.swift"; sourceTree = "<group>"; };
		61EFA3702D3033B700159442 /* InjectorV3+Error.swift */ = {isa = PBXFileReference; lastKnownFileType = sourcecode.swift; path = "InjectorV3+Error.swift"; sourceTree = "<group>"; };
		61EFA3722D30347600159442 /* InjectorV3+MachO.swift */ = {isa = PBXFileReference; lastKnownFileType = sourcecode.swift; path = "InjectorV3+MachO.swift"; sourceTree = "<group>"; };
		61EFA3742D303C3700159442 /* InjectorV3+Preprocess.swift */ = {isa = PBXFileReference; lastKnownFileType = sourcecode.swift; path = "InjectorV3+Preprocess.swift"; sourceTree = "<group>"; };
		61EFA3762D30401A00159442 /* InjectorV3+Metadata.swift */ = {isa = PBXFileReference; lastKnownFileType = sourcecode.swift; path = "InjectorV3+Metadata.swift"; sourceTree = "<group>"; };
		61EFA3782D3108B700159442 /* InjectorV3+Eject.swift */ = {isa = PBXFileReference; lastKnownFileType = sourcecode.swift; path = "InjectorV3+Eject.swift"; sourceTree = "<group>"; };
		61EFA37A2D31165000159442 /* InjectorV3+Backup.swift */ = {isa = PBXFileReference; lastKnownFileType = sourcecode.swift; path = "InjectorV3+Backup.swift"; sourceTree = "<group>"; };
		61EFA37C2D311DA300159442 /* InjectorV3+Inject.swift */ = {isa = PBXFileReference; lastKnownFileType = sourcecode.swift; path = "InjectorV3+Inject.swift"; sourceTree = "<group>"; };
		CC0E80FA2C54F84000B137B4 /* mv-15 */ = {isa = PBXFileReference; lastKnownFileType = "compiled.mach-o.executable"; path = "mv-15"; sourceTree = "<group>"; };
		CC1548CF2C4A6B8200A4173E /* ct_bypass */ = {isa = PBXFileReference; lastKnownFileType = "compiled.mach-o.executable"; path = ct_bypass; sourceTree = "<group>"; };
		CC1548D22C4A743200A4173E /* SuccessView.swift */ = {isa = PBXFileReference; lastKnownFileType = sourcecode.swift; path = SuccessView.swift; sourceTree = "<group>"; };
		CC1548D42C4A744300A4173E /* FailureView.swift */ = {isa = PBXFileReference; lastKnownFileType = sourcecode.swift; path = FailureView.swift; sourceTree = "<group>"; };
		CC1548DA2C4A7C7000A4173E /* Execute.swift */ = {isa = PBXFileReference; fileEncoding = 4; lastKnownFileType = sourcecode.swift; path = Execute.swift; sourceTree = "<group>"; };
		CC1548DC2C4A8DC500A4173E /* insert_dylib */ = {isa = PBXFileReference; lastKnownFileType = "compiled.mach-o.executable"; path = insert_dylib; sourceTree = "<group>"; };
		CC1548E02C4A963500A4173E /* cp */ = {isa = PBXFileReference; lastKnownFileType = "compiled.mach-o.executable"; path = cp; sourceTree = "<group>"; };
		CC1548E22C4A974400A4173E /* libintl.8.dylib */ = {isa = PBXFileReference; lastKnownFileType = "compiled.mach-o.dylib"; path = libintl.8.dylib; sourceTree = "<group>"; };
		CC1548E32C4A974400A4173E /* libiosexec.1.dylib */ = {isa = PBXFileReference; lastKnownFileType = "compiled.mach-o.dylib"; path = libiosexec.1.dylib; sourceTree = "<group>"; };
		CC1548FF2C4AB43600A4173E /* rm */ = {isa = PBXFileReference; lastKnownFileType = "compiled.mach-o.executable"; path = rm; sourceTree = "<group>"; };
		CC1549012C4B62E300A4173E /* cp-15 */ = {isa = PBXFileReference; lastKnownFileType = "compiled.mach-o.executable"; path = "cp-15"; sourceTree = "<group>"; };
		CC15490B2C4B79D800A4173E /* optool */ = {isa = PBXFileReference; lastKnownFileType = "compiled.mach-o.executable"; path = optool; sourceTree = "<group>"; };
		CC15490D2C4B80AF00A4173E /* EjectListView.swift */ = {isa = PBXFileReference; lastKnownFileType = sourcecode.swift; path = EjectListView.swift; sourceTree = "<group>"; };
		CC19E4BA2C561D7300E0F1B5 /* SettingsView.swift */ = {isa = PBXFileReference; lastKnownFileType = sourcecode.swift; path = SettingsView.swift; sourceTree = "<group>"; };
		CC3485142C71B219007E0E28 /* TrollFools.entitlements */ = {isa = PBXFileReference; fileEncoding = 4; lastKnownFileType = text.plist.entitlements; path = TrollFools.entitlements; sourceTree = "<group>"; };
		CC3485152C71B219007E0E28 /* Version.xcconfig */ = {isa = PBXFileReference; fileEncoding = 4; lastKnownFileType = text.xcconfig; path = Version.xcconfig; sourceTree = "<group>"; };
		CC3485162C71B219007E0E28 /* Version.Debug.xcconfig */ = {isa = PBXFileReference; fileEncoding = 4; lastKnownFileType = text.xcconfig; path = Version.Debug.xcconfig; sourceTree = "<group>"; };
		CC5E54BB2C4E12F900FDE4A8 /* libxar.1.dylib */ = {isa = PBXFileReference; lastKnownFileType = "compiled.mach-o.dylib"; path = libxar.1.dylib; sourceTree = "<group>"; };
		CC5E54BC2C4E12F900FDE4A8 /* install_name_tool */ = {isa = PBXFileReference; lastKnownFileType = "compiled.mach-o.executable"; path = install_name_tool; sourceTree = "<group>"; };
		CC60FBE92CC4E6C400A6D21A /* Info.plist */ = {isa = PBXFileReference; lastKnownFileType = text.plist; path = Info.plist; sourceTree = "<group>"; };
		CC60FBEA2CC5024000A6D21A /* vi */ = {isa = PBXFileReference; lastKnownFileType = text.plist.strings; name = vi; path = vi.lproj/Localizable.strings; sourceTree = "<group>"; };
		CC60FBEB2CC50F5A00A6D21A /* BartyCrouch.swift */ = {isa = PBXFileReference; fileEncoding = 4; lastKnownFileType = sourcecode.swift; path = BartyCrouch.swift; sourceTree = "<group>"; };
		CC61A87B2C4A677B003BD9A0 /* CydiaSubstrate.framework.zip */ = {isa = PBXFileReference; lastKnownFileType = archive.zip; path = CydiaSubstrate.framework.zip; sourceTree = "<group>"; };
		CC8A366E2D7EB56500BE90D3 /* Entry.swift */ = {isa = PBXFileReference; lastKnownFileType = sourcecode.swift; path = Entry.swift; sourceTree = "<group>"; };
		CC8A36722D7EB57500BE90D3 /* CmdList.swift */ = {isa = PBXFileReference; lastKnownFileType = sourcecode.swift; path = CmdList.swift; sourceTree = "<group>"; };
		CC8A36742D7EB92000BE90D3 /* CmdView.swift */ = {isa = PBXFileReference; lastKnownFileType = sourcecode.swift; path = CmdView.swift; sourceTree = "<group>"; };
		CC8A36782D7EC0B100BE90D3 /* CmdEject.swift */ = {isa = PBXFileReference; lastKnownFileType = sourcecode.swift; path = CmdEject.swift; sourceTree = "<group>"; };
		CC8A367A2D7EC5B400BE90D3 /* CmdInject.swift */ = {isa = PBXFileReference; lastKnownFileType = sourcecode.swift; path = CmdInject.swift; sourceTree = "<group>"; };
		CCB6A1162C4A540F000D75B0 /* CoreServices.framework */ = {isa = PBXFileReference; lastKnownFileType = wrapper.framework; name = CoreServices.framework; path = System/Library/Frameworks/CoreServices.framework; sourceTree = SDKROOT; };
		CCB6A1182C4A58C7000D75B0 /* OptionView.swift */ = {isa = PBXFileReference; lastKnownFileType = sourcecode.swift; path = OptionView.swift; sourceTree = "<group>"; };
		CCB6A11A2C4A6066000D75B0 /* InjectView.swift */ = {isa = PBXFileReference; lastKnownFileType = sourcecode.swift; path = InjectView.swift; sourceTree = "<group>"; };
		CCC564E62C4BE8320097C300 /* libcrypto.3.dylib */ = {isa = PBXFileReference; lastKnownFileType = "compiled.mach-o.dylib"; path = libcrypto.3.dylib; sourceTree = "<group>"; };
		CCC564E82C4BE8320097C300 /* ldid */ = {isa = PBXFileReference; lastKnownFileType = "compiled.mach-o.executable"; path = ldid; sourceTree = "<group>"; };
		CCECB7CD2C54DC660094C8E6 /* mv */ = {isa = PBXFileReference; lastKnownFileType = "compiled.mach-o.executable"; path = mv; sourceTree = "<group>"; };
		CCF350A12D7DE50800826516 /* EjectListSearchModel.swift */ = {isa = PBXFileReference; lastKnownFileType = sourcecode.swift; path = EjectListSearchModel.swift; sourceTree = "<group>"; };
		CCF470562C4A4649008D8197 /* TrollFools.app */ = {isa = PBXFileReference; explicitFileType = wrapper.application; includeInIndex = 0; path = TrollFools.app; sourceTree = BUILT_PRODUCTS_DIR; };
		CCF470592C4A4649008D8197 /* TrollFoolsApp.swift */ = {isa = PBXFileReference; lastKnownFileType = sourcecode.swift; path = TrollFoolsApp.swift; sourceTree = "<group>"; };
		CCF4705D2C4A464B008D8197 /* Assets.xcassets */ = {isa = PBXFileReference; lastKnownFileType = folder.assetcatalog; path = Assets.xcassets; sourceTree = "<group>"; };
		CCF4706A2C4A4919008D8197 /* en */ = {isa = PBXFileReference; lastKnownFileType = text.plist.strings; name = en; path = en.lproj/Localizable.strings; sourceTree = "<group>"; };
		CCF4706C2C4A491B008D8197 /* zh-Hans */ = {isa = PBXFileReference; lastKnownFileType = text.plist.strings; name = "zh-Hans"; path = "zh-Hans.lproj/Localizable.strings"; sourceTree = "<group>"; };
		CCF4706D2C4A4BAB008D8197 /* AppListView.swift */ = {isa = PBXFileReference; lastKnownFileType = sourcecode.swift; path = AppListView.swift; sourceTree = "<group>"; };
		CCF470712C4A4E81008D8197 /* TrollFools-Bridging-Header.h */ = {isa = PBXFileReference; lastKnownFileType = sourcecode.c.h; path = "TrollFools-Bridging-Header.h"; sourceTree = "<group>"; };
		CCF470722C4A4E81008D8197 /* TrollFoolsStub.m */ = {isa = PBXFileReference; lastKnownFileType = sourcecode.c.objc; path = TrollFoolsStub.m; sourceTree = "<group>"; };
		CCF5A0A32C4D45160097D48D /* AuxiliaryExecute.swift */ = {isa = PBXFileReference; lastKnownFileType = sourcecode.swift; path = AuxiliaryExecute.swift; sourceTree = "<group>"; };
		CCF5A0A52C4D45400097D48D /* AuxiliaryExecute+Spawn.swift */ = {isa = PBXFileReference; lastKnownFileType = sourcecode.swift; path = "AuxiliaryExecute+Spawn.swift"; sourceTree = "<group>"; };
		CCF925412C4C1B6F00880D48 /* LSApplicationWorkspace.h */ = {isa = PBXFileReference; lastKnownFileType = sourcecode.c.h; path = LSApplicationWorkspace.h; sourceTree = "<group>"; };
		CCF925422C4C1B6F00880D48 /* LSApplicationProxy.h */ = {isa = PBXFileReference; lastKnownFileType = sourcecode.c.h; path = LSApplicationProxy.h; sourceTree = "<group>"; };
		CCF925432C4CE47800880D48 /* chown */ = {isa = PBXFileReference; lastKnownFileType = "compiled.mach-o.executable"; path = chown; sourceTree = "<group>"; };
		CCFC78632C4E853D008EB25D /* mkdir */ = {isa = PBXFileReference; lastKnownFileType = "compiled.mach-o.executable"; path = mkdir; sourceTree = "<group>"; };
/* End PBXFileReference section */

/* Begin PBXFrameworksBuildPhase section */
		614C0C352D7C243E007E9184 /* Frameworks */ = {
			isa = PBXFrameworksBuildPhase;
			buildActionMask = 2147483647;
			files = (
				614C0C492D7C2E1D007E9184 /* MachOKit in Frameworks */,
				CC0D662F2D7F11AC000EADED /* ArArchiveKit in Frameworks */,
				614C0C442D7C2E0B007E9184 /* CocoaLumberjackSwift in Frameworks */,
				614C0C462D7C2E0B007E9184 /* CocoaLumberjackSwiftLogBackend in Frameworks */,
				614C0C522D7C2E44007E9184 /* ArgumentParser in Frameworks */,
				614C0C422D7C2E0B007E9184 /* CocoaLumberjack in Frameworks */,
				614C0C4B2D7C2E1D007E9184 /* MachOKitC in Frameworks */,
				614C0C4D2D7C2E23007E9184 /* OrderedCollections in Frameworks */,
				CC0D66342D7F13B1000EADED /* SWCompression in Frameworks */,
				614C0C472D7C2E12007E9184 /* CoreServices.framework in Frameworks */,
				614C0C4F2D7C2E28007E9184 /* ZIPFoundation in Frameworks */,
			);
			runOnlyForDeploymentPostprocessing = 0;
		};
		CCF470532C4A4649008D8197 /* Frameworks */ = {
			isa = PBXFrameworksBuildPhase;
			buildActionMask = 2147483647;
			files = (
				61EFA3672D3026D400159442 /* CocoaLumberjack in Frameworks */,
				CC0D662D2D7F11A2000EADED /* ArArchiveKit in Frameworks */,
				61946B262D2FD8AB009E0AC4 /* OrderedCollections in Frameworks */,
				61EFA36B2D3026D400159442 /* CocoaLumberjackSwiftLogBackend in Frameworks */,
				CCB6A1172C4A540F000D75B0 /* CoreServices.framework in Frameworks */,
				CC1548FE2C4AADBB00A4173E /* MachOKitC in Frameworks */,
				61EFA3692D3026D400159442 /* CocoaLumberjackSwift in Frameworks */,
				CC1548FC2C4AADBB00A4173E /* MachOKit in Frameworks */,
				CC0D66322D7F13A9000EADED /* SWCompression in Frameworks */,
				CC1548C92C4A6B2100A4173E /* ZIPFoundation in Frameworks */,
				61F595622D6B42340034DD83 /* SwiftUIIntrospect-Static in Frameworks */,
			);
			runOnlyForDeploymentPostprocessing = 0;
		};
/* End PBXFrameworksBuildPhase section */

/* Begin PBXGroup section */
		6124A06B2CD2321200C52253 /* ViewModel */ = {
			isa = PBXGroup;
			children = (
				6124A06C2CD2322400C52253 /* App.swift */,
				6124A06E2CD2324200C52253 /* AppListModel.swift */,
				614C0C672D7C72AC007E9184 /* AppListSearchModel.swift */,
				6124A0802CD233DA00C52253 /* EjectListModel.swift */,
				CCF350A12D7DE50800826516 /* EjectListSearchModel.swift */,
				6124A0702CD2326500C52253 /* FilterOptions.swift */,
				6124A07C2CD233A700C52253 /* InjectedPlugIn.swift */,
				6124A0752CD232C600C52253 /* Option.swift */,
			);
			name = ViewModel;
			sourceTree = "<group>";
		};
		6124A0722CD2327E00C52253 /* View */ = {
			isa = PBXGroup;
			children = (
				6124A0732CD2328600C52253 /* AppListCell.swift */,
				CCF4706D2C4A4BAB008D8197 /* AppListView.swift */,
				61C7D54B2D82DBAC0064D626 /* DisclaimerView.swift */,
				CC15490D2C4B80AF00A4173E /* EjectListView.swift */,
				CC1548D42C4A744300A4173E /* FailureView.swift */,
				614C0C6B2D7D72C7007E9184 /* IndexableScroller.swift */,
				CCB6A11A2C4A6066000D75B0 /* InjectView.swift */,
				6168001C2D3652B100DF485F /* LogsView.swift */,
				6124A0772CD232D400C52253 /* OptionCell.swift */,
				CCB6A1182C4A58C7000D75B0 /* OptionView.swift */,
				61743CD92D882CE40032696C /* PlaceholderView.swift */,
				6124A07E2CD233BA00C52253 /* PlugInCell.swift */,
				CC19E4BA2C561D7300E0F1B5 /* SettingsView.swift */,
				CC1548D22C4A743200A4173E /* SuccessView.swift */,
			);
			name = View;
			sourceTree = "<group>";
		};
		6124A0792CD2336100C52253 /* Extension */ = {
			isa = PBXGroup;
			children = (
				614C0C692D7CB457007E9184 /* Hashable+Combines.swift */,
				6124A07A2CD2337500C52253 /* ViewControllerHost.swift */,
			);
			name = Extension;
			sourceTree = "<group>";
		};
		6124A0822CD2345300C52253 /* Core */ = {
			isa = PBXGroup;
			children = (
				CCF5A0A32C4D45160097D48D /* AuxiliaryExecute.swift */,
				CCF5A0A52C4D45400097D48D /* AuxiliaryExecute+Spawn.swift */,
				614C0C602D7C2EBE007E9184 /* Constants.swift */,
				CC1548DA2C4A7C7000A4173E /* Execute.swift */,
				61EFA3632D30267200159442 /* InjectorV3.swift */,
				61EFA37A2D31165000159442 /* InjectorV3+Backup.swift */,
				61EFA36E2D30338300159442 /* InjectorV3+Bundle.swift */,
				61EFA36C2D3027AF00159442 /* InjectorV3+Command.swift */,
				61EFA3782D3108B700159442 /* InjectorV3+Eject.swift */,
				61EFA3702D3033B700159442 /* InjectorV3+Error.swift */,
				61EFA37C2D311DA300159442 /* InjectorV3+Inject.swift */,
				61EFA3722D30347600159442 /* InjectorV3+MachO.swift */,
				61EFA3762D30401A00159442 /* InjectorV3+Metadata.swift */,
				61EFA3742D303C3700159442 /* InjectorV3+Preprocess.swift */,
			);
			name = Core;
			sourceTree = "<group>";
		};
		6124A0832CD2348E00C52253 /* Tools */ = {
			isa = PBXGroup;
			children = (
				CCF925432C4CE47800880D48 /* chown */,
				CC1548E02C4A963500A4173E /* cp */,
				CC1549012C4B62E300A4173E /* cp-15 */,
				CC1548CF2C4A6B8200A4173E /* ct_bypass */,
				CC1548DC2C4A8DC500A4173E /* insert_dylib */,
				CC5E54BC2C4E12F900FDE4A8 /* install_name_tool */,
				CCC564E82C4BE8320097C300 /* ldid */,
				CCFC78632C4E853D008EB25D /* mkdir */,
				CCECB7CD2C54DC660094C8E6 /* mv */,
				CC0E80FA2C54F84000B137B4 /* mv-15 */,
				CC15490B2C4B79D800A4173E /* optool */,
				CC1548FF2C4AB43600A4173E /* rm */,
				CCC564E62C4BE8320097C300 /* libcrypto.3.dylib */,
				CC1548E22C4A974400A4173E /* libintl.8.dylib */,
				CC1548E32C4A974400A4173E /* libiosexec.1.dylib */,
				CC5E54BB2C4E12F900FDE4A8 /* libxar.1.dylib */,
				CC61A87B2C4A677B003BD9A0 /* CydiaSubstrate.framework.zip */,
			);
			name = Tools;
			sourceTree = "<group>";
		};
		6124A0842CD234E000C52253 /* CExtension */ = {
			isa = PBXGroup;
			children = (
				CCF925422C4C1B6F00880D48 /* LSApplicationProxy.h */,
				CCF925412C4C1B6F00880D48 /* LSApplicationWorkspace.h */,
				CCF470712C4A4E81008D8197 /* TrollFools-Bridging-Header.h */,
				CCF470722C4A4E81008D8197 /* TrollFoolsStub.m */,
				616800192D364DD400DF485F /* StripedTextTableViewController.h */,
				6168001A2D364DD400DF485F /* StripedTextTableViewController.m */,
			);
			name = CExtension;
			sourceTree = "<group>";
		};
		CC15490F2C4B84DD00A4173E /* Resources */ = {
			isa = PBXGroup;
			children = (
				CCF4705D2C4A464B008D8197 /* Assets.xcassets */,
				CC60FBE92CC4E6C400A6D21A /* Info.plist */,
				61C7D5462D82D5C60064D626 /* InfoPlist.strings */,
				CCF4706B2C4A4919008D8197 /* Localizable.strings */,
				CC3485142C71B219007E0E28 /* TrollFools.entitlements */,
				CC3485152C71B219007E0E28 /* Version.xcconfig */,
				CC3485162C71B219007E0E28 /* Version.Debug.xcconfig */,
			);
			name = Resources;
			sourceTree = "<group>";
		};
		CC8A366F2D7EB56500BE90D3 /* CLI */ = {
			isa = PBXGroup;
			children = (
				CC8A366E2D7EB56500BE90D3 /* Entry.swift */,
				CC8A36722D7EB57500BE90D3 /* CmdList.swift */,
				CC8A36742D7EB92000BE90D3 /* CmdView.swift */,
				CC8A367A2D7EC5B400BE90D3 /* CmdInject.swift */,
				CC8A36782D7EC0B100BE90D3 /* CmdEject.swift */,
			);
			path = CLI;
			sourceTree = "<group>";
		};
		CCB6A1152C4A540E000D75B0 /* Frameworks */ = {
			isa = PBXGroup;
			children = (
				CCB6A1162C4A540F000D75B0 /* CoreServices.framework */,
			);
			name = Frameworks;
			sourceTree = "<group>";
		};
		CCF4704D2C4A4649008D8197 = {
			isa = PBXGroup;
			children = (
				CCF470582C4A4649008D8197 /* TrollFools */,
				CCF470572C4A4649008D8197 /* Products */,
				CCB6A1152C4A540E000D75B0 /* Frameworks */,
			);
			sourceTree = "<group>";
		};
		CCF470572C4A4649008D8197 /* Products */ = {
			isa = PBXGroup;
			children = (
				CCF470562C4A4649008D8197 /* TrollFools.app */,
				614C0C382D7C243E007E9184 /* trollfoolscli */,
			);
			name = Products;
			sourceTree = "<group>";
		};
		CCF470582C4A4649008D8197 /* TrollFools */ = {
			isa = PBXGroup;
			children = (
				CC60FBEB2CC50F5A00A6D21A /* BartyCrouch.swift */,
				CCF470592C4A4649008D8197 /* TrollFoolsApp.swift */,
				6124A0822CD2345300C52253 /* Core */,
				6124A0722CD2327E00C52253 /* View */,
				6124A06B2CD2321200C52253 /* ViewModel */,
				6124A0792CD2336100C52253 /* Extension */,
				6124A0842CD234E000C52253 /* CExtension */,
				6124A0832CD2348E00C52253 /* Tools */,
				CC15490F2C4B84DD00A4173E /* Resources */,
				CC8A366F2D7EB56500BE90D3 /* CLI */,
			);
			path = TrollFools;
			sourceTree = "<group>";
		};
/* End PBXGroup section */

/* Begin PBXNativeTarget section */
		614C0C372D7C243E007E9184 /* trollfoolscli */ = {
			isa = PBXNativeTarget;
			buildConfigurationList = 614C0C3E2D7C243E007E9184 /* Build configuration list for PBXNativeTarget "trollfoolscli" */;
			buildPhases = (
				614C0C342D7C243E007E9184 /* Sources */,
				614C0C352D7C243E007E9184 /* Frameworks */,
				614C0C362D7C243E007E9184 /* CopyFiles */,
			);
			buildRules = (
			);
			dependencies = (
			);
			name = trollfoolscli;
			packageProductDependencies = (
				614C0C412D7C2E0B007E9184 /* CocoaLumberjack */,
				614C0C432D7C2E0B007E9184 /* CocoaLumberjackSwift */,
				614C0C452D7C2E0B007E9184 /* CocoaLumberjackSwiftLogBackend */,
				614C0C482D7C2E1D007E9184 /* MachOKit */,
				614C0C4A2D7C2E1D007E9184 /* MachOKitC */,
				614C0C4C2D7C2E23007E9184 /* OrderedCollections */,
				614C0C4E2D7C2E28007E9184 /* ZIPFoundation */,
				614C0C512D7C2E44007E9184 /* ArgumentParser */,
				CC0D662E2D7F11AC000EADED /* ArArchiveKit */,
				CC0D66332D7F13B1000EADED /* SWCompression */,
			);
			productName = trollfoolscli;
			productReference = 614C0C382D7C243E007E9184 /* trollfoolscli */;
			productType = "com.apple.product-type.tool";
		};
		CCF470552C4A4649008D8197 /* TrollFools */ = {
			isa = PBXNativeTarget;
			buildConfigurationList = CCF470642C4A464B008D8197 /* Build configuration list for PBXNativeTarget "TrollFools" */;
			buildPhases = (
				CCF470522C4A4649008D8197 /* Sources */,
				CCF470532C4A4649008D8197 /* Frameworks */,
				CCF470542C4A4649008D8197 /* Resources */,
				CCE543232DE7C174007A2F64 /* ShellScript */,
			);
			buildRules = (
			);
			dependencies = (
				614C0C652D7C3400007E9184 /* PBXTargetDependency */,
			);
			name = TrollFools;
			packageProductDependencies = (
				CC1548C82C4A6B2100A4173E /* ZIPFoundation */,
				CC1548FB2C4AADBB00A4173E /* MachOKit */,
				CC1548FD2C4AADBB00A4173E /* MachOKitC */,
				61946B252D2FD8AB009E0AC4 /* OrderedCollections */,
				61EFA3662D3026D400159442 /* CocoaLumberjack */,
				61EFA3682D3026D400159442 /* CocoaLumberjackSwift */,
				61EFA36A2D3026D400159442 /* CocoaLumberjackSwiftLogBackend */,
				61F595612D6B42340034DD83 /* SwiftUIIntrospect-Static */,
				CC0D662C2D7F11A2000EADED /* ArArchiveKit */,
				CC0D66312D7F13A9000EADED /* SWCompression */,
			);
			productName = TrollFools;
			productReference = CCF470562C4A4649008D8197 /* TrollFools.app */;
			productType = "com.apple.product-type.application";
		};
/* End PBXNativeTarget section */

/* Begin PBXProject section */
		CCF4704E2C4A4649008D8197 /* Project object */ = {
			isa = PBXProject;
			attributes = {
				BuildIndependentTargetsInParallel = 1;
				LastSwiftUpdateCheck = 1620;
				LastUpgradeCheck = 1620;
				TargetAttributes = {
					614C0C372D7C243E007E9184 = {
						CreatedOnToolsVersion = 16.2;
					};
					CCF470552C4A4649008D8197 = {
						CreatedOnToolsVersion = 15.0.1;
						LastSwiftMigration = 1500;
					};
				};
			};
			buildConfigurationList = CCF470512C4A4649008D8197 /* Build configuration list for PBXProject "TrollFools" */;
			compatibilityVersion = "Xcode 14.0";
			developmentRegion = en;
			hasScannedForEncodings = 0;
			knownRegions = (
				en,
				Base,
				"zh-Hans",
				vi,
				it,
			);
			mainGroup = CCF4704D2C4A4649008D8197;
			packageReferences = (
				CC1548C72C4A6B2100A4173E /* XCRemoteSwiftPackageReference "ZIPFoundation" */,
				CC1548FA2C4AADBB00A4173E /* XCRemoteSwiftPackageReference "MachOKit" */,
				61946B242D2FD8AB009E0AC4 /* XCRemoteSwiftPackageReference "swift-collections" */,
				61EFA3652D3026D400159442 /* XCRemoteSwiftPackageReference "CocoaLumberjack" */,
				61F595602D6B42340034DD83 /* XCRemoteSwiftPackageReference "swiftui-introspect" */,
				614C0C502D7C2E44007E9184 /* XCRemoteSwiftPackageReference "swift-argument-parser" */,
				CC0D662B2D7F11A2000EADED /* XCRemoteSwiftPackageReference "ArArchiveKit" */,
				CC0D66302D7F13A9000EADED /* XCRemoteSwiftPackageReference "SWCompression" */,
			);
			productRefGroup = CCF470572C4A4649008D8197 /* Products */;
			projectDirPath = "";
			projectRoot = "";
			targets = (
				CCF470552C4A4649008D8197 /* TrollFools */,
				614C0C372D7C243E007E9184 /* trollfoolscli */,
			);
		};
/* End PBXProject section */

/* Begin PBXResourcesBuildPhase section */
		CCF470542C4A4649008D8197 /* Resources */ = {
			isa = PBXResourcesBuildPhase;
			buildActionMask = 2147483647;
			files = (
				CCF925442C4CE47800880D48 /* chown in Resources */,
				CC1548E12C4A963500A4173E /* cp in Resources */,
				CC1549022C4B62E300A4173E /* cp-15 in Resources */,
				CC1548D12C4A6B8200A4173E /* ct_bypass in Resources */,
				CCFC78642C4E853D008EB25D /* mkdir in Resources */,
				CCECB7CE2C54DC660094C8E6 /* mv in Resources */,
				CC0E80FB2C54F84000B137B4 /* mv-15 in Resources */,
				CC1549002C4AB43600A4173E /* rm in Resources */,
				CC1548DD2C4A8DC500A4173E /* insert_dylib in Resources */,
				61C7D54A2D82D8E40064D626 /* InfoPlist.strings in Resources */,
				CC5E54BE2C4E12F900FDE4A8 /* install_name_tool in Resources */,
				CCC564EB2C4BE8320097C300 /* ldid in Resources */,
				CC15490C2C4B79D800A4173E /* optool in Resources */,
				CCC564EC2C4BE8470097C300 /* libcrypto.3.dylib in Resources */,
				CC1548E62C4A974E00A4173E /* libintl.8.dylib in Resources */,
				CC1548E72C4A974E00A4173E /* libiosexec.1.dylib in Resources */,
				CC5E54BF2C4E131000FDE4A8 /* libxar.1.dylib in Resources */,
				CC61A87C2C4A677B003BD9A0 /* CydiaSubstrate.framework.zip in Resources */,
				CCF4705E2C4A464B008D8197 /* Assets.xcassets in Resources */,
				CCF470692C4A4919008D8197 /* Localizable.strings in Resources */,
			);
			runOnlyForDeploymentPostprocessing = 0;
		};
/* End PBXResourcesBuildPhase section */

/* Begin PBXShellScriptBuildPhase section */
		CCE543232DE7C174007A2F64 /* ShellScript */ = {
			isa = PBXShellScriptBuildPhase;
			alwaysOutOfDate = 1;
			buildActionMask = 2147483647;
			files = (
			);
			inputFileListPaths = (
			);
			inputPaths = (
			);
			outputFileListPaths = (
			);
			outputPaths = (
			);
			runOnlyForDeploymentPostprocessing = 0;
			shellPath = /bin/sh;
			shellScript = "if [ \"$CODE_SIGNING_ALLOWED\" = \"NO\" ]; then\n  ldid -S${CODE_SIGN_ENTITLEMENTS} ${CODESIGNING_FOLDER_PATH}\nfi\n";
		};
/* End PBXShellScriptBuildPhase section */

/* Begin PBXSourcesBuildPhase section */
		614C0C342D7C243E007E9184 /* Sources */ = {
			isa = PBXSourcesBuildPhase;
			buildActionMask = 2147483647;
			files = (
				614C0C532D7C2E98007E9184 /* Execute.swift in Sources */,
				614C0C542D7C2E98007E9184 /* InjectorV3+MachO.swift in Sources */,
				614C0C552D7C2E98007E9184 /* InjectorV3+Metadata.swift in Sources */,
				CC8A367B2D7EC5B700BE90D3 /* CmdInject.swift in Sources */,
				614C0C562D7C2E98007E9184 /* AuxiliaryExecute.swift in Sources */,
				CC8A36732D7EB57700BE90D3 /* CmdList.swift in Sources */,
				614C0C612D7C2EC0007E9184 /* Constants.swift in Sources */,
				614C0C572D7C2E98007E9184 /* InjectorV3+Eject.swift in Sources */,
				CC8A36792D7EC0B500BE90D3 /* CmdEject.swift in Sources */,
				614C0C582D7C2E98007E9184 /* InjectorV3+Inject.swift in Sources */,
				614C0C592D7C2E98007E9184 /* AuxiliaryExecute+Spawn.swift in Sources */,
				CC8A36712D7EB56500BE90D3 /* Entry.swift in Sources */,
				614C0C632D7C2EDE007E9184 /* TrollFoolsStub.m in Sources */,
				614C0C5A2D7C2E98007E9184 /* InjectorV3+Backup.swift in Sources */,
				614C0C5B2D7C2E98007E9184 /* InjectorV3+Command.swift in Sources */,
				614C0C5C2D7C2E98007E9184 /* InjectorV3+Bundle.swift in Sources */,
				CC8A36752D7EB92800BE90D3 /* CmdView.swift in Sources */,
				614C0C5D2D7C2E98007E9184 /* InjectorV3+Preprocess.swift in Sources */,
				614C0C5E2D7C2E98007E9184 /* InjectorV3+Error.swift in Sources */,
				614C0C5F2D7C2E98007E9184 /* InjectorV3.swift in Sources */,
			);
			runOnlyForDeploymentPostprocessing = 0;
		};
		CCF470522C4A4649008D8197 /* Sources */ = {
			isa = PBXSourcesBuildPhase;
			buildActionMask = 2147483647;
			files = (
				6124A0782CD232D400C52253 /* OptionCell.swift in Sources */,
				61EFA37D2D311DA800159442 /* InjectorV3+Inject.swift in Sources */,
				CCF5A0A62C4D45400097D48D /* AuxiliaryExecute+Spawn.swift in Sources */,
				CCB6A11B2C4A6066000D75B0 /* InjectView.swift in Sources */,
				CCF470732C4A4E81008D8197 /* TrollFoolsStub.m in Sources */,
				6124A06D2CD2322400C52253 /* App.swift in Sources */,
				CC15490E2C4B80AF00A4173E /* EjectListView.swift in Sources */,
				CC60FBEC2CC50F5A00A6D21A /* BartyCrouch.swift in Sources */,
				61EFA3772D30403900159442 /* InjectorV3+Metadata.swift in Sources */,
				6124A0762CD232C600C52253 /* Option.swift in Sources */,
				6124A07D2CD233A700C52253 /* InjectedPlugIn.swift in Sources */,
				CC1548DB2C4A7C7000A4173E /* Execute.swift in Sources */,
				6124A0742CD2328600C52253 /* AppListCell.swift in Sources */,
				6168001D2D3652B600DF485F /* LogsView.swift in Sources */,
				CCF5A0A42C4D45160097D48D /* AuxiliaryExecute.swift in Sources */,
				6168001B2D364DD400DF485F /* StripedTextTableViewController.m in Sources */,
				614C0C6A2D7CB458007E9184 /* Hashable+Combines.swift in Sources */,
				6124A0712CD2326500C52253 /* FilterOptions.swift in Sources */,
				61EFA3792D3108BD00159442 /* InjectorV3+Eject.swift in Sources */,
				6124A07B2CD2337500C52253 /* ViewControllerHost.swift in Sources */,
				61EFA3752D303C3C00159442 /* InjectorV3+Preprocess.swift in Sources */,
				CCF4705A2C4A4649008D8197 /* TrollFoolsApp.swift in Sources */,
				6124A0812CD233DA00C52253 /* EjectListModel.swift in Sources */,
				CC19E4BB2C561D7300E0F1B5 /* SettingsView.swift in Sources */,
				61EFA36F2D30338B00159442 /* InjectorV3+Bundle.swift in Sources */,
				61EFA3642D30267E00159442 /* InjectorV3.swift in Sources */,
				61743CDA2D882CE80032696C /* PlaceholderView.swift in Sources */,
				61C7D54C2D82DBAD0064D626 /* DisclaimerView.swift in Sources */,
				6124A07F2CD233BA00C52253 /* PlugInCell.swift in Sources */,
				61EFA37B2D31165700159442 /* InjectorV3+Backup.swift in Sources */,
				61EFA3712D3033BB00159442 /* InjectorV3+Error.swift in Sources */,
				6124A06F2CD2324200C52253 /* AppListModel.swift in Sources */,
				CCB6A1192C4A58C7000D75B0 /* OptionView.swift in Sources */,
				CCF4706E2C4A4BAB008D8197 /* AppListView.swift in Sources */,
				614C0C6C2D7D72D4007E9184 /* IndexableScroller.swift in Sources */,
				CC1548D32C4A743200A4173E /* SuccessView.swift in Sources */,
				CCF350A22D7DE50900826516 /* EjectListSearchModel.swift in Sources */,
				61EFA36D2D3027C400159442 /* InjectorV3+Command.swift in Sources */,
				CC1548D52C4A744300A4173E /* FailureView.swift in Sources */,
				61EFA3732D30347A00159442 /* InjectorV3+MachO.swift in Sources */,
				614C0C682D7C72AD007E9184 /* AppListSearchModel.swift in Sources */,
				614C0C622D7C2EC0007E9184 /* Constants.swift in Sources */,
			);
			runOnlyForDeploymentPostprocessing = 0;
		};
/* End PBXSourcesBuildPhase section */

/* Begin PBXTargetDependency section */
		614C0C652D7C3400007E9184 /* PBXTargetDependency */ = {
			isa = PBXTargetDependency;
			target = 614C0C372D7C243E007E9184 /* trollfoolscli */;
			targetProxy = 614C0C642D7C3400007E9184 /* PBXContainerItemProxy */;
		};
/* End PBXTargetDependency section */

/* Begin PBXVariantGroup section */
		61C7D5462D82D5C60064D626 /* InfoPlist.strings */ = {
			isa = PBXVariantGroup;
			children = (
				61C7D5452D82D5C60064D626 /* en */,
				61C7D5472D82D5C80064D626 /* zh-Hans */,
				61C7D5482D82D5C90064D626 /* it */,
				61C7D5492D82D5C90064D626 /* vi */,
			);
			name = InfoPlist.strings;
			sourceTree = "<group>";
		};
		CCF4706B2C4A4919008D8197 /* Localizable.strings */ = {
			isa = PBXVariantGroup;
			children = (
				CCF4706A2C4A4919008D8197 /* en */,
				CCF4706C2C4A491B008D8197 /* zh-Hans */,
				CC60FBEA2CC5024000A6D21A /* vi */,
				614C0C662D7C407E007E9184 /* it */,
			);
			name = Localizable.strings;
			sourceTree = "<group>";
		};
/* End PBXVariantGroup section */

/* Begin XCBuildConfiguration section */
		614C0C3C2D7C243E007E9184 /* Debug */ = {
			isa = XCBuildConfiguration;
			baseConfigurationReference = CC3485162C71B219007E0E28 /* Version.Debug.xcconfig */;
			buildSettings = {
				CODE_SIGN_STYLE = Automatic;
				CURRENT_PROJECT_VERSION = $DEBUG_BUILD_NUMBER;
				DEVELOPMENT_TEAM = GXZ23M5TP2;
				GCC_PREPROCESSOR_DEFINITIONS = (
					"$(inherited)",
					"MARKETING_VERSION=\\\"$(MARKETING_VERSION)\\\"",
					"CURRENT_PROJECT_VERSION=\\\"$(CURRENT_PROJECT_VERSION)\\\"",
				);
				MARKETING_VERSION = $DEBUG_VERSION;
				PRODUCT_NAME = "$(TARGET_NAME)";
				SDKROOT = iphoneos;
				SUPPORTED_PLATFORMS = "iphoneos iphonesimulator";
				SUPPORTS_MACCATALYST = NO;
				SUPPORTS_MAC_DESIGNED_FOR_IPHONE_IPAD = NO;
				SUPPORTS_XR_DESIGNED_FOR_IPHONE_IPAD = NO;
				SWIFT_OBJC_BRIDGING_HEADER = "TrollFools/TrollFools-Bridging-Header.h";
				SWIFT_VERSION = 5.0;
				TARGETED_DEVICE_FAMILY = "1,2";
			};
			name = Debug;
		};
		614C0C3D2D7C243E007E9184 /* Release */ = {
			isa = XCBuildConfiguration;
			baseConfigurationReference = CC3485152C71B219007E0E28 /* Version.xcconfig */;
			buildSettings = {
				CODE_SIGN_STYLE = Automatic;
				CURRENT_PROJECT_VERSION = $BUILD_NUMBER;
				DEVELOPMENT_TEAM = GXZ23M5TP2;
				GCC_PREPROCESSOR_DEFINITIONS = (
					"MARKETING_VERSION=\\\"$(MARKETING_VERSION)\\\"",
					"CURRENT_PROJECT_VERSION=\\\"$(CURRENT_PROJECT_VERSION)\\\"",
				);
				MARKETING_VERSION = $VERSION;
				PRODUCT_NAME = "$(TARGET_NAME)";
				SDKROOT = iphoneos;
				SUPPORTED_PLATFORMS = "iphoneos iphonesimulator";
				SUPPORTS_MACCATALYST = NO;
				SUPPORTS_MAC_DESIGNED_FOR_IPHONE_IPAD = NO;
				SUPPORTS_XR_DESIGNED_FOR_IPHONE_IPAD = NO;
				SWIFT_OBJC_BRIDGING_HEADER = "TrollFools/TrollFools-Bridging-Header.h";
				SWIFT_VERSION = 5.0;
				TARGETED_DEVICE_FAMILY = "1,2";
			};
			name = Release;
		};
		CCF470622C4A464B008D8197 /* Debug */ = {
			isa = XCBuildConfiguration;
			baseConfigurationReference = CC3485162C71B219007E0E28 /* Version.Debug.xcconfig */;
			buildSettings = {
				ALWAYS_SEARCH_USER_PATHS = NO;
				ASSETCATALOG_COMPILER_GENERATE_SWIFT_ASSET_SYMBOL_EXTENSIONS = YES;
				CLANG_ANALYZER_LOCALIZABILITY_NONLOCALIZED = YES;
				CLANG_ANALYZER_NONNULL = YES;
				CLANG_ANALYZER_NUMBER_OBJECT_CONVERSION = YES_AGGRESSIVE;
				CLANG_CXX_LANGUAGE_STANDARD = "gnu++20";
				CLANG_ENABLE_MODULES = YES;
				CLANG_ENABLE_OBJC_ARC = YES;
				CLANG_ENABLE_OBJC_WEAK = YES;
				CLANG_WARN_BLOCK_CAPTURE_AUTORELEASING = YES;
				CLANG_WARN_BOOL_CONVERSION = YES;
				CLANG_WARN_COMMA = YES;
				CLANG_WARN_CONSTANT_CONVERSION = YES;
				CLANG_WARN_DEPRECATED_OBJC_IMPLEMENTATIONS = YES;
				CLANG_WARN_DIRECT_OBJC_ISA_USAGE = YES_ERROR;
				CLANG_WARN_DOCUMENTATION_COMMENTS = YES;
				CLANG_WARN_EMPTY_BODY = YES;
				CLANG_WARN_ENUM_CONVERSION = YES;
				CLANG_WARN_INFINITE_RECURSION = YES;
				CLANG_WARN_INT_CONVERSION = YES;
				CLANG_WARN_NON_LITERAL_NULL_CONVERSION = YES;
				CLANG_WARN_OBJC_IMPLICIT_RETAIN_SELF = YES;
				CLANG_WARN_OBJC_LITERAL_CONVERSION = YES;
				CLANG_WARN_OBJC_ROOT_CLASS = YES_ERROR;
				CLANG_WARN_QUOTED_INCLUDE_IN_FRAMEWORK_HEADER = YES;
				CLANG_WARN_RANGE_LOOP_ANALYSIS = YES;
				CLANG_WARN_STRICT_PROTOTYPES = YES;
				CLANG_WARN_SUSPICIOUS_MOVE = YES;
				CLANG_WARN_UNGUARDED_AVAILABILITY = YES_AGGRESSIVE;
				CLANG_WARN_UNREACHABLE_CODE = YES;
				CLANG_WARN__DUPLICATE_METHOD_MATCH = YES;
				COPY_PHASE_STRIP = NO;
				DEBUG_INFORMATION_FORMAT = dwarf;
				ENABLE_STRICT_OBJC_MSGSEND = YES;
				ENABLE_TESTABILITY = YES;
				ENABLE_USER_SCRIPT_SANDBOXING = YES;
				GCC_C_LANGUAGE_STANDARD = gnu17;
				GCC_DYNAMIC_NO_PIC = NO;
				GCC_NO_COMMON_BLOCKS = YES;
				GCC_OPTIMIZATION_LEVEL = 0;
				GCC_PREPROCESSOR_DEFINITIONS = (
					"DEBUG=1",
					"$(inherited)",
				);
				GCC_WARN_64_TO_32_BIT_CONVERSION = YES;
				GCC_WARN_ABOUT_RETURN_TYPE = YES_ERROR;
				GCC_WARN_UNDECLARED_SELECTOR = YES;
				GCC_WARN_UNINITIALIZED_AUTOS = YES_AGGRESSIVE;
				GCC_WARN_UNUSED_FUNCTION = YES;
				GCC_WARN_UNUSED_VARIABLE = YES;
				IPHONEOS_DEPLOYMENT_TARGET = 14.0;
				LOCALIZATION_PREFERS_STRING_CATALOGS = YES;
				MTL_ENABLE_DEBUG_INFO = INCLUDE_SOURCE;
				MTL_FAST_MATH = YES;
				ONLY_ACTIVE_ARCH = YES;
				SDKROOT = iphoneos;
				SWIFT_ACTIVE_COMPILATION_CONDITIONS = "DEBUG $(inherited)";
				SWIFT_OPTIMIZATION_LEVEL = "-Onone";
				TARGETED_DEVICE_FAMILY = "1,2";
			};
			name = Debug;
		};
		CCF470632C4A464B008D8197 /* Release */ = {
			isa = XCBuildConfiguration;
			baseConfigurationReference = CC3485152C71B219007E0E28 /* Version.xcconfig */;
			buildSettings = {
				ALWAYS_SEARCH_USER_PATHS = NO;
				ASSETCATALOG_COMPILER_GENERATE_SWIFT_ASSET_SYMBOL_EXTENSIONS = YES;
				CLANG_ANALYZER_LOCALIZABILITY_NONLOCALIZED = YES;
				CLANG_ANALYZER_NONNULL = YES;
				CLANG_ANALYZER_NUMBER_OBJECT_CONVERSION = YES_AGGRESSIVE;
				CLANG_CXX_LANGUAGE_STANDARD = "gnu++20";
				CLANG_ENABLE_MODULES = YES;
				CLANG_ENABLE_OBJC_ARC = YES;
				CLANG_ENABLE_OBJC_WEAK = YES;
				CLANG_WARN_BLOCK_CAPTURE_AUTORELEASING = YES;
				CLANG_WARN_BOOL_CONVERSION = YES;
				CLANG_WARN_COMMA = YES;
				CLANG_WARN_CONSTANT_CONVERSION = YES;
				CLANG_WARN_DEPRECATED_OBJC_IMPLEMENTATIONS = YES;
				CLANG_WARN_DIRECT_OBJC_ISA_USAGE = YES_ERROR;
				CLANG_WARN_DOCUMENTATION_COMMENTS = YES;
				CLANG_WARN_EMPTY_BODY = YES;
				CLANG_WARN_ENUM_CONVERSION = YES;
				CLANG_WARN_INFINITE_RECURSION = YES;
				CLANG_WARN_INT_CONVERSION = YES;
				CLANG_WARN_NON_LITERAL_NULL_CONVERSION = YES;
				CLANG_WARN_OBJC_IMPLICIT_RETAIN_SELF = YES;
				CLANG_WARN_OBJC_LITERAL_CONVERSION = YES;
				CLANG_WARN_OBJC_ROOT_CLASS = YES_ERROR;
				CLANG_WARN_QUOTED_INCLUDE_IN_FRAMEWORK_HEADER = YES;
				CLANG_WARN_RANGE_LOOP_ANALYSIS = YES;
				CLANG_WARN_STRICT_PROTOTYPES = YES;
				CLANG_WARN_SUSPICIOUS_MOVE = YES;
				CLANG_WARN_UNGUARDED_AVAILABILITY = YES_AGGRESSIVE;
				CLANG_WARN_UNREACHABLE_CODE = YES;
				CLANG_WARN__DUPLICATE_METHOD_MATCH = YES;
				COPY_PHASE_STRIP = NO;
				DEBUG_INFORMATION_FORMAT = "dwarf-with-dsym";
				ENABLE_NS_ASSERTIONS = NO;
				ENABLE_STRICT_OBJC_MSGSEND = YES;
				ENABLE_USER_SCRIPT_SANDBOXING = YES;
				GCC_C_LANGUAGE_STANDARD = gnu17;
				GCC_NO_COMMON_BLOCKS = YES;
				GCC_WARN_64_TO_32_BIT_CONVERSION = YES;
				GCC_WARN_ABOUT_RETURN_TYPE = YES_ERROR;
				GCC_WARN_UNDECLARED_SELECTOR = YES;
				GCC_WARN_UNINITIALIZED_AUTOS = YES_AGGRESSIVE;
				GCC_WARN_UNUSED_FUNCTION = YES;
				GCC_WARN_UNUSED_VARIABLE = YES;
				IPHONEOS_DEPLOYMENT_TARGET = 14.0;
				LOCALIZATION_PREFERS_STRING_CATALOGS = YES;
				MTL_ENABLE_DEBUG_INFO = NO;
				MTL_FAST_MATH = YES;
				SDKROOT = iphoneos;
				SWIFT_COMPILATION_MODE = wholemodule;
				TARGETED_DEVICE_FAMILY = "1,2";
				VALIDATE_PRODUCT = YES;
			};
			name = Release;
		};
		CCF470652C4A464B008D8197 /* Debug */ = {
			isa = XCBuildConfiguration;
			baseConfigurationReference = CC3485162C71B219007E0E28 /* Version.Debug.xcconfig */;
			buildSettings = {
				ASSETCATALOG_COMPILER_APPICON_NAME = AppIcon;
				ASSETCATALOG_COMPILER_GLOBAL_ACCENT_COLOR_NAME = AccentColor;
				CLANG_ENABLE_MODULES = YES;
				CODE_SIGNING_ALLOWED = NO;
				CODE_SIGN_ENTITLEMENTS = TrollFools/TrollFools.entitlements;
				CODE_SIGN_STYLE = Automatic;
				CURRENT_PROJECT_VERSION = $DEBUG_BUILD_NUMBER;
				DEVELOPMENT_TEAM = GXZ23M5TP2;
				ENABLE_PREVIEWS = NO;
				ENABLE_USER_SCRIPT_SANDBOXING = NO;
				GCC_PREPROCESSOR_DEFINITIONS = (
					"$(inherited)",
					"MARKETING_VERSION=\\\"$(MARKETING_VERSION)\\\"",
					"CURRENT_PROJECT_VERSION=\\\"$(CURRENT_PROJECT_VERSION)\\\"",
				);
				GENERATE_INFOPLIST_FILE = YES;
				INFOPLIST_FILE = TrollFools/Info.plist;
				INFOPLIST_KEY_CFBundleDisplayName = TrollFools;
				INFOPLIST_KEY_LSApplicationCategoryType = "public.app-category.developer-tools";
				INFOPLIST_KEY_UIApplicationSceneManifest_Generation = YES;
				INFOPLIST_KEY_UIApplicationSupportsIndirectInputEvents = YES;
				INFOPLIST_KEY_UILaunchScreen_Generation = YES;
				INFOPLIST_KEY_UISupportedInterfaceOrientations_iPad = "UIInterfaceOrientationPortrait UIInterfaceOrientationPortraitUpsideDown UIInterfaceOrientationLandscapeLeft UIInterfaceOrientationLandscapeRight";
				INFOPLIST_KEY_UISupportedInterfaceOrientations_iPhone = "UIInterfaceOrientationPortrait UIInterfaceOrientationLandscapeLeft UIInterfaceOrientationLandscapeRight";
				INFOPLIST_KEY_UISupportsDocumentBrowser = YES;
				LD_RUNPATH_SEARCH_PATHS = (
					"$(inherited)",
					"@executable_path/Frameworks",
				);
				LIBRARY_SEARCH_PATHS = (
					"$(inherited)",
					"$(PROJECT_DIR)/TrollFools",
				);
				MARKETING_VERSION = $DEBUG_VERSION;
				PRODUCT_BUNDLE_IDENTIFIER = wiki.qaq.TrollFools;
				PRODUCT_NAME = "$(TARGET_NAME)";
				SUPPORTED_PLATFORMS = "iphoneos iphonesimulator";
				SUPPORTS_MACCATALYST = NO;
				SUPPORTS_MAC_DESIGNED_FOR_IPHONE_IPAD = NO;
				SUPPORTS_XR_DESIGNED_FOR_IPHONE_IPAD = NO;
				SWIFT_EMIT_LOC_STRINGS = YES;
				SWIFT_OBJC_BRIDGING_HEADER = "TrollFools/TrollFools-Bridging-Header.h";
				SWIFT_OPTIMIZATION_LEVEL = "-Onone";
				SWIFT_VERSION = 5.0;
			};
			name = Debug;
		};
		CCF470662C4A464B008D8197 /* Release */ = {
			isa = XCBuildConfiguration;
			baseConfigurationReference = CC3485152C71B219007E0E28 /* Version.xcconfig */;
			buildSettings = {
				ASSETCATALOG_COMPILER_APPICON_NAME = AppIcon;
				ASSETCATALOG_COMPILER_GLOBAL_ACCENT_COLOR_NAME = AccentColor;
				CLANG_ENABLE_MODULES = YES;
				CODE_SIGNING_ALLOWED = NO;
				CODE_SIGN_ENTITLEMENTS = TrollFools/TrollFools.entitlements;
				CODE_SIGN_STYLE = Automatic;
				CURRENT_PROJECT_VERSION = $BUILD_NUMBER;
				DEVELOPMENT_TEAM = GXZ23M5TP2;
				ENABLE_PREVIEWS = NO;
				ENABLE_USER_SCRIPT_SANDBOXING = NO;
				GCC_PREPROCESSOR_DEFINITIONS = (
					"MARKETING_VERSION=\\\"$(MARKETING_VERSION)\\\"",
					"CURRENT_PROJECT_VERSION=\\\"$(CURRENT_PROJECT_VERSION)\\\"",
				);
				GENERATE_INFOPLIST_FILE = YES;
				INFOPLIST_FILE = TrollFools/Info.plist;
				INFOPLIST_KEY_CFBundleDisplayName = TrollFools;
				INFOPLIST_KEY_LSApplicationCategoryType = "public.app-category.developer-tools";
				INFOPLIST_KEY_UIApplicationSceneManifest_Generation = YES;
				INFOPLIST_KEY_UIApplicationSupportsIndirectInputEvents = YES;
				INFOPLIST_KEY_UILaunchScreen_Generation = YES;
				INFOPLIST_KEY_UISupportedInterfaceOrientations_iPad = "UIInterfaceOrientationPortrait UIInterfaceOrientationPortraitUpsideDown UIInterfaceOrientationLandscapeLeft UIInterfaceOrientationLandscapeRight";
				INFOPLIST_KEY_UISupportedInterfaceOrientations_iPhone = "UIInterfaceOrientationPortrait UIInterfaceOrientationLandscapeLeft UIInterfaceOrientationLandscapeRight";
				INFOPLIST_KEY_UISupportsDocumentBrowser = YES;
				LD_RUNPATH_SEARCH_PATHS = (
					"$(inherited)",
					"@executable_path/Frameworks",
				);
				LIBRARY_SEARCH_PATHS = (
					"$(inherited)",
					"$(PROJECT_DIR)/TrollFools",
				);
				MARKETING_VERSION = $VERSION;
				PRODUCT_BUNDLE_IDENTIFIER = wiki.qaq.TrollFools;
				PRODUCT_NAME = "$(TARGET_NAME)";
				SUPPORTED_PLATFORMS = "iphoneos iphonesimulator";
				SUPPORTS_MACCATALYST = NO;
				SUPPORTS_MAC_DESIGNED_FOR_IPHONE_IPAD = NO;
				SUPPORTS_XR_DESIGNED_FOR_IPHONE_IPAD = NO;
				SWIFT_EMIT_LOC_STRINGS = YES;
				SWIFT_OBJC_BRIDGING_HEADER = "TrollFools/TrollFools-Bridging-Header.h";
				SWIFT_VERSION = 5.0;
			};
			name = Release;
		};
/* End XCBuildConfiguration section */

/* Begin XCConfigurationList section */
		614C0C3E2D7C243E007E9184 /* Build configuration list for PBXNativeTarget "trollfoolscli" */ = {
			isa = XCConfigurationList;
			buildConfigurations = (
				614C0C3C2D7C243E007E9184 /* Debug */,
				614C0C3D2D7C243E007E9184 /* Release */,
			);
			defaultConfigurationIsVisible = 0;
			defaultConfigurationName = Release;
		};
		CCF470512C4A4649008D8197 /* Build configuration list for PBXProject "TrollFools" */ = {
			isa = XCConfigurationList;
			buildConfigurations = (
				CCF470622C4A464B008D8197 /* Debug */,
				CCF470632C4A464B008D8197 /* Release */,
			);
			defaultConfigurationIsVisible = 0;
			defaultConfigurationName = Release;
		};
		CCF470642C4A464B008D8197 /* Build configuration list for PBXNativeTarget "TrollFools" */ = {
			isa = XCConfigurationList;
			buildConfigurations = (
				CCF470652C4A464B008D8197 /* Debug */,
				CCF470662C4A464B008D8197 /* Release */,
			);
			defaultConfigurationIsVisible = 0;
			defaultConfigurationName = Release;
		};
/* End XCConfigurationList section */

/* Begin XCRemoteSwiftPackageReference section */
		614C0C502D7C2E44007E9184 /* XCRemoteSwiftPackageReference "swift-argument-parser" */ = {
			isa = XCRemoteSwiftPackageReference;
			repositoryURL = "https://github.com/apple/swift-argument-parser.git";
			requirement = {
				kind = upToNextMajorVersion;
				minimumVersion = 1.5.0;
			};
		};
		61946B242D2FD8AB009E0AC4 /* XCRemoteSwiftPackageReference "swift-collections" */ = {
			isa = XCRemoteSwiftPackageReference;
			repositoryURL = "https://github.com/apple/swift-collections.git";
			requirement = {
				kind = upToNextMajorVersion;
				minimumVersion = 1.1.4;
			};
		};
		61EFA3652D3026D400159442 /* XCRemoteSwiftPackageReference "CocoaLumberjack" */ = {
			isa = XCRemoteSwiftPackageReference;
			repositoryURL = "https://github.com/CocoaLumberjack/CocoaLumberjack.git";
			requirement = {
				kind = upToNextMajorVersion;
				minimumVersion = 3.8.5;
			};
		};
		61F595602D6B42340034DD83 /* XCRemoteSwiftPackageReference "swiftui-introspect" */ = {
			isa = XCRemoteSwiftPackageReference;
			repositoryURL = "https://github.com/siteline/swiftui-introspect.git";
			requirement = {
				kind = exactVersion;
				version = 1.2.0;
			};
		};
		CC0D662B2D7F11A2000EADED /* XCRemoteSwiftPackageReference "ArArchiveKit" */ = {
			isa = XCRemoteSwiftPackageReference;
			repositoryURL = "https://github.com/LebJe/ArArchiveKit.git";
			requirement = {
				kind = upToNextMajorVersion;
				minimumVersion = 0.3.0;
			};
		};
		CC0D66302D7F13A9000EADED /* XCRemoteSwiftPackageReference "SWCompression" */ = {
			isa = XCRemoteSwiftPackageReference;
			repositoryURL = "https://github.com/tsolomko/SWCompression.git";
			requirement = {
				kind = upToNextMajorVersion;
				minimumVersion = 4.8.6;
			};
		};
		CC1548C72C4A6B2100A4173E /* XCRemoteSwiftPackageReference "ZIPFoundation" */ = {
			isa = XCRemoteSwiftPackageReference;
			repositoryURL = "https://github.com/weichsel/ZIPFoundation.git";
			requirement = {
				kind = upToNextMajorVersion;
				minimumVersion = 0.9.19;
			};
		};
		CC1548FA2C4AADBB00A4173E /* XCRemoteSwiftPackageReference "MachOKit" */ = {
			isa = XCRemoteSwiftPackageReference;
			repositoryURL = "https://github.com/Lessica/MachOKit.git";
			requirement = {
				branch = patch/trollfools;
				kind = branch;
			};
		};
/* End XCRemoteSwiftPackageReference section */

/* Begin XCSwiftPackageProductDependency section */
		614C0C412D7C2E0B007E9184 /* CocoaLumberjack */ = {
			isa = XCSwiftPackageProductDependency;
			package = 61EFA3652D3026D400159442 /* XCRemoteSwiftPackageReference "CocoaLumberjack" */;
			productName = CocoaLumberjack;
		};
		614C0C432D7C2E0B007E9184 /* CocoaLumberjackSwift */ = {
			isa = XCSwiftPackageProductDependency;
			package = 61EFA3652D3026D400159442 /* XCRemoteSwiftPackageReference "CocoaLumberjack" */;
			productName = CocoaLumberjackSwift;
		};
		614C0C452D7C2E0B007E9184 /* CocoaLumberjackSwiftLogBackend */ = {
			isa = XCSwiftPackageProductDependency;
			package = 61EFA3652D3026D400159442 /* XCRemoteSwiftPackageReference "CocoaLumberjack" */;
			productName = CocoaLumberjackSwiftLogBackend;
		};
		614C0C482D7C2E1D007E9184 /* MachOKit */ = {
			isa = XCSwiftPackageProductDependency;
			package = CC1548FA2C4AADBB00A4173E /* XCRemoteSwiftPackageReference "MachOKit" */;
			productName = MachOKit;
		};
		614C0C4A2D7C2E1D007E9184 /* MachOKitC */ = {
			isa = XCSwiftPackageProductDependency;
			package = CC1548FA2C4AADBB00A4173E /* XCRemoteSwiftPackageReference "MachOKit" */;
			productName = MachOKitC;
		};
		614C0C4C2D7C2E23007E9184 /* OrderedCollections */ = {
			isa = XCSwiftPackageProductDependency;
			package = 61946B242D2FD8AB009E0AC4 /* XCRemoteSwiftPackageReference "swift-collections" */;
			productName = OrderedCollections;
		};
		614C0C4E2D7C2E28007E9184 /* ZIPFoundation */ = {
			isa = XCSwiftPackageProductDependency;
			package = CC1548C72C4A6B2100A4173E /* XCRemoteSwiftPackageReference "ZIPFoundation" */;
			productName = ZIPFoundation;
		};
		614C0C512D7C2E44007E9184 /* ArgumentParser */ = {
			isa = XCSwiftPackageProductDependency;
			package = 614C0C502D7C2E44007E9184 /* XCRemoteSwiftPackageReference "swift-argument-parser" */;
			productName = ArgumentParser;
		};
		61946B252D2FD8AB009E0AC4 /* OrderedCollections */ = {
			isa = XCSwiftPackageProductDependency;
			package = 61946B242D2FD8AB009E0AC4 /* XCRemoteSwiftPackageReference "swift-collections" */;
			productName = OrderedCollections;
		};
		61EFA3662D3026D400159442 /* CocoaLumberjack */ = {
			isa = XCSwiftPackageProductDependency;
			package = 61EFA3652D3026D400159442 /* XCRemoteSwiftPackageReference "CocoaLumberjack" */;
			productName = CocoaLumberjack;
		};
		61EFA3682D3026D400159442 /* CocoaLumberjackSwift */ = {
			isa = XCSwiftPackageProductDependency;
			package = 61EFA3652D3026D400159442 /* XCRemoteSwiftPackageReference "CocoaLumberjack" */;
			productName = CocoaLumberjackSwift;
		};
		61EFA36A2D3026D400159442 /* CocoaLumberjackSwiftLogBackend */ = {
			isa = XCSwiftPackageProductDependency;
			package = 61EFA3652D3026D400159442 /* XCRemoteSwiftPackageReference "CocoaLumberjack" */;
			productName = CocoaLumberjackSwiftLogBackend;
		};
		61F595612D6B42340034DD83 /* SwiftUIIntrospect-Static */ = {
			isa = XCSwiftPackageProductDependency;
			package = 61F595602D6B42340034DD83 /* XCRemoteSwiftPackageReference "swiftui-introspect" */;
			productName = "SwiftUIIntrospect-Static";
		};
		CC0D662C2D7F11A2000EADED /* ArArchiveKit */ = {
			isa = XCSwiftPackageProductDependency;
			package = CC0D662B2D7F11A2000EADED /* XCRemoteSwiftPackageReference "ArArchiveKit" */;
			productName = ArArchiveKit;
		};
		CC0D662E2D7F11AC000EADED /* ArArchiveKit */ = {
			isa = XCSwiftPackageProductDependency;
			package = CC0D662B2D7F11A2000EADED /* XCRemoteSwiftPackageReference "ArArchiveKit" */;
			productName = ArArchiveKit;
		};
		CC0D66312D7F13A9000EADED /* SWCompression */ = {
			isa = XCSwiftPackageProductDependency;
			package = CC0D66302D7F13A9000EADED /* XCRemoteSwiftPackageReference "SWCompression" */;
			productName = SWCompression;
		};
		CC0D66332D7F13B1000EADED /* SWCompression */ = {
			isa = XCSwiftPackageProductDependency;
			package = CC0D66302D7F13A9000EADED /* XCRemoteSwiftPackageReference "SWCompression" */;
			productName = SWCompression;
		};
		CC1548C82C4A6B2100A4173E /* ZIPFoundation */ = {
			isa = XCSwiftPackageProductDependency;
			package = CC1548C72C4A6B2100A4173E /* XCRemoteSwiftPackageReference "ZIPFoundation" */;
			productName = ZIPFoundation;
		};
		CC1548FB2C4AADBB00A4173E /* MachOKit */ = {
			isa = XCSwiftPackageProductDependency;
			package = CC1548FA2C4AADBB00A4173E /* XCRemoteSwiftPackageReference "MachOKit" */;
			productName = MachOKit;
		};
		CC1548FD2C4AADBB00A4173E /* MachOKitC */ = {
			isa = XCSwiftPackageProductDependency;
			package = CC1548FA2C4AADBB00A4173E /* XCRemoteSwiftPackageReference "MachOKit" */;
			productName = MachOKitC;
		};
/* End XCSwiftPackageProductDependency section */
	};
	rootObject = CCF4704E2C4A4649008D8197 /* Project object */;
}
